
Microsoft Visual Studio Solution File, Format Version 12.00
# Visual Studio Version 17
VisualStudioVersion = 17.9.34607.119
MinimumVisualStudioVersion = 10.0.40219.1
Project("{9A19103F-16F7-4668-BE54-9A1E7A4F7556}") = "FindIt", "FindIt\FindIt.csproj", "{E2FE2F12-82D0-47B3-9CC0-01310BB22BC3}"
EndProject
Global
	GlobalSection(SolutionConfigurationPlatforms) = preSolution
		Debug|Any CPU = Debug|Any CPU
		Release|Any CPU = Release|Any CPU
	EndGlobalSection
	GlobalSection(ProjectConfigurationPlatforms) = postSolution
		{E2FE2F12-82D0-47B3-9CC0-01310BB22BC3}.Debug|Any CPU.ActiveCfg = Debug|Any CPU
		{E2FE2F12-82D0-47B3-9CC0-01310BB22BC3}.Debug|Any CPU.Build.0 = Debug|Any CPU
		{E2FE2F12-82D0-47B3-9CC0-01310BB22BC3}.Release|Any CPU.ActiveCfg = Release|Any CPU
		{E2FE2F12-82D0-47B3-9CC0-01310BB22BC3}.Release|Any CPU.Build.0 = Release|Any CPU
	EndGlobalSection
	GlobalSection(SolutionProperties) = preSolution
		HideSolutionNode = FALSE
	EndGlobalSection
	GlobalSection(ExtensibilityGlobals) = postSolution
		SolutionGuid = {6F619A9C-0B4C-4DDB-B047-15838834D848}
	EndGlobalSection
EndGlobal
